
Microsoft Visual Studio Solution File, Format Version 12.00
# Visual Studio Version 17
VisualStudioVersion = 17.11.35327.3
MinimumVisualStudioVersion = 10.0.40219.1
Project("{8BC9CEB8-8B4A-11D0-8D11-00A0C91BC942}") = "Lab07_2it", "Lab07_2it\Lab07_2it.vcxproj", "{D957F9E6-6221-4BC1-AF34-445473A62D2A}"
EndProject
Project("{8BC9CEB8-8B4A-11D0-8D11-00A0C91BC942}") = "UnitTest1", "UnitTest1\UnitTest1.vcxproj", "{727FB9FE-E903-407C-A553-5C44C123BBB9}"
EndProject
Global
	GlobalSection(SolutionConfigurationPlatforms) = preSolution
		Debug|x64 = Debug|x64
		Debug|x86 = Debug|x86
		Release|x64 = Release|x64
		Release|x86 = Release|x86
	EndGlobalSection
	GlobalSection(ProjectConfigurationPlatforms) = postSolution
		{D957F9E6-6221-4BC1-AF34-445473A62D2A}.Debug|x64.ActiveCfg = Debug|x64
		{D957F9E6-6221-4BC1-AF34-445473A62D2A}.Debug|x64.Build.0 = Debug|x64
		{D957F9E6-6221-4BC1-AF34-445473A62D2A}.Debug|x86.ActiveCfg = Debug|Win32
		{D957F9E6-6221-4BC1-AF34-445473A62D2A}.Debug|x86.Build.0 = Debug|Win32
		{D957F9E6-6221-4BC1-AF34-445473A62D2A}.Release|x64.ActiveCfg = Release|x64
		{D957F9E6-6221-4BC1-AF34-445473A62D2A}.Release|x64.Build.0 = Release|x64
		{D957F9E6-6221-4BC1-AF34-445473A62D2A}.Release|x86.ActiveCfg = Release|Win32
		{D957F9E6-6221-4BC1-AF34-445473A62D2A}.Release|x86.Build.0 = Release|Win32
		{727FB9FE-E903-407C-A553-5C44C123BBB9}.Debug|x64.ActiveCfg = Debug|x64
		{727FB9FE-E903-407C-A553-5C44C123BBB9}.Debug|x64.Build.0 = Debug|x64
		{727FB9FE-E903-407C-A553-5C44C123BBB9}.Debug|x86.ActiveCfg = Debug|Win32
		{727FB9FE-E903-407C-A553-5C44C123BBB9}.Debug|x86.Build.0 = Debug|Win32
		{727FB9FE-E903-407C-A553-5C44C123BBB9}.Release|x64.ActiveCfg = Release|x64
		{727FB9FE-E903-407C-A553-5C44C123BBB9}.Release|x64.Build.0 = Release|x64
		{727FB9FE-E903-407C-A553-5C44C123BBB9}.Release|x86.ActiveCfg = Release|Win32
		{727FB9FE-E903-407C-A553-5C44C123BBB9}.Release|x86.Build.0 = Release|Win32
	EndGlobalSection
	GlobalSection(SolutionProperties) = preSolution
		HideSolutionNode = FALSE
	EndGlobalSection
	GlobalSection(ExtensibilityGlobals) = postSolution
		SolutionGuid = {7449F66A-0795-4579-AB15-43C973FE8ACC}
	EndGlobalSection
EndGlobal
